
Microsoft Visual Studio Solution File, Format Version 12.00
# Visual Studio Version 17
VisualStudioVersion = 17.10.34916.146
MinimumVisualStudioVersion = 10.0.40219.1
Project("{2150E333-8FDC-42A3-9474-1A3956D46DE8}") = "docs", "docs", "{C6E80061-1BFF-424D-8AD8-BAEBFA850FB8}"
EndProject
Project("{2150E333-8FDC-42A3-9474-1A3956D46DE8}") = "src", "src", "{82FF152E-E0A4-4FFA-BFF3-75A16DEB9AAC}"
EndProject
Project("{2150E333-8FDC-42A3-9474-1A3956D46DE8}") = "tests", "tests", "{E8CAD3F5-F8A4-42F6-82DB-72822F97981D}"
EndProject
Project("{FAE04EC0-301F-11D3-BF4B-00C04F79EFBC}") = "Mockifyr.WebApi", "src\Mockifyr.WebApi\Mockifyr.WebApi.csproj", "{77EE3C95-7AD5-437C-A7D5-BF8C8AAABB4A}"
EndProject
Global
	GlobalSection(SolutionConfigurationPlatforms) = preSolution
		Debug|Any CPU = Debug|Any CPU
		Release|Any CPU = Release|Any CPU
	EndGlobalSection
	GlobalSection(ProjectConfigurationPlatforms) = postSolution
		{77EE3C95-7AD5-437C-A7D5-BF8C8AAABB4A}.Debug|Any CPU.ActiveCfg = Debug|Any CPU
		{77EE3C95-7AD5-437C-A7D5-BF8C8AAABB4A}.Debug|Any CPU.Build.0 = Debug|Any CPU
		{77EE3C95-7AD5-437C-A7D5-BF8C8AAABB4A}.Release|Any CPU.ActiveCfg = Release|Any CPU
		{77EE3C95-7AD5-437C-A7D5-BF8C8AAABB4A}.Release|Any CPU.Build.0 = Release|Any CPU
	EndGlobalSection
	GlobalSection(SolutionProperties) = preSolution
		HideSolutionNode = FALSE
	EndGlobalSection
	GlobalSection(NestedProjects) = preSolution
		{77EE3C95-7AD5-437C-A7D5-BF8C8AAABB4A} = {82FF152E-E0A4-4FFA-BFF3-75A16DEB9AAC}
	EndGlobalSection
	GlobalSection(ExtensibilityGlobals) = postSolution
		SolutionGuid = {99093ECD-B967-47E2-82FA-7FD899BAD153}
	EndGlobalSection
EndGlobal
